# THIS IS AN AUTOGENERATED FILE. DO NOT EDIT THIS FILE DIRECTLY.
# yarn lockfile v1


"@playwright/test@^1.24.2":
  version "1.24.2"
  resolved "https://registry.yarnpkg.com/@playwright/test/-/test-1.24.2.tgz#283ea8cc497f9742037458659bf235f4776cf1f0"
  integrity sha512-Q4X224pRHw4Dtkk5PoNJplZCokLNvVbXD9wDQEMrHcEuvWpJWEQDeJ9gEwkZ3iCWSFSWBshIX177B231XW4wOQ==
  dependencies:
    "@types/node" "*"
    playwright-core "1.24.2"

"@types/node@*":
  version "18.6.5"
  resolved "https://registry.yarnpkg.com/@types/node/-/node-18.6.5.tgz#06caea822caf9e59d5034b695186ee74154d2802"
  integrity sha512-Xjt5ZGUa5WusGZJ4WJPbOT8QOqp6nDynVFRKcUt32bOgvXEoc6o085WNkYTMO7ifAj2isEfQQ2cseE+wT6jsRw==

playwright-core@1.24.2:
  version "1.24.2"
  resolved "https://registry.yarnpkg.com/playwright-core/-/playwright-core-1.24.2.tgz#47bc5adf3dcfcc297a5a7a332449c9009987db26"
  integrity sha512-zfAoDoPY/0sDLsgSgLZwWmSCevIg1ym7CppBwllguVBNiHeixZkc1AdMuYUPZC6AdEYc4CxWEyLMBTw2YcmRrA==
